{
  "version": 4,
  "terraform_version": "1.0.5",
  "serial": 7,
  "lineage": "c6b8ccfb-b356-bfd5-2b7e-3e75490b5319",
  "outputs": {},
  "resources": [
    {
      "mode": "managed",
      "type": "kubernetes_namespace",
      "name": "controller",
      "provider": "provider[\"registry.terraform.io/hashicorp/kubernetes\"]",
      "instances": [
        {
          "schema_version": 0,
          "attributes": {
            "id": "deploy-update-controller",
            "metadata": [
              {
                "annotations": null,
                "generate_name": "",
                "generation": 0,
                "labels": null,
                "name": "deploy-update-controller",
                "resource_version": "15813616",
                "uid": "87022d93-354f-432c-b7a6-a3fbf3e65d2a"
              }
            ],
            "timeouts": null
          },
          "sensitive_attributes": [],
          "private": "eyJlMmJmYjczMC1lY2FhLTExZTYtOGY4OC0zNDM2M2JjN2M0YzAiOnsiZGVsZXRlIjozMDAwMDAwMDAwMDB9fQ=="
        }
      ]
    },
    {
      "mode": "managed",
      "type": "kubernetes_role",
      "name": "controller_target_role",
      "provider": "provider[\"registry.terraform.io/hashicorp/kubernetes\"]",
      "instances": [
        {
          "index_key": "home-assistant-complexity",
          "schema_version": 0,
          "attributes": {
            "id": "home/deploy-update-controller-home-assistant-complexity",
            "metadata": [
              {
                "annotations": null,
                "generate_name": "",
                "generation": 0,
                "labels": null,
                "name": "deploy-update-controller-home-assistant-complexity",
                "namespace": "home",
                "resource_version": "15813617",
                "uid": "7799cfda-942f-456c-a169-bcd69d21376b"
              }
            ],
            "rule": [
              {
                "api_groups": [
                  "apps",
                  "extensions"
                ],
                "resource_names": null,
                "resources": [
                  "deployments"
                ],
                "verbs": [
                  "create",
                  "delete",
                  "get",
                  "list",
                  "patch",
                  "update",
                  "watch"
                ]
              },
              {
                "api_groups": [
                  ""
                ],
                "resource_names": null,
                "resources": [
                  "pods"
                ],
                "verbs": [
                  "get",
                  "list",
                  "watch"
                ]
              }
            ]
          },
          "sensitive_attributes": [],
          "private": "bnVsbA=="
        }
      ]
    },
    {
      "mode": "managed",
      "type": "kubernetes_role_binding",
      "name": "controller",
      "provider": "provider[\"registry.terraform.io/hashicorp/kubernetes\"]",
      "instances": [
        {
          "index_key": "home-assistant-complexity",
          "schema_version": 0,
          "attributes": {
            "id": "home/deploy-update-controller-home-assistant-complexity",
            "metadata": [
              {
                "annotations": null,
                "generation": 0,
                "labels": null,
                "name": "deploy-update-controller-home-assistant-complexity",
                "namespace": "home",
                "resource_version": "15813615",
                "uid": "3b9901cc-d315-4f5b-bfa3-e66b74e4f410"
              }
            ],
            "role_ref": [
              {
                "api_group": "rbac.authorization.k8s.io",
                "kind": "Role",
                "name": "deploy-update-controller-home-assistant-complexity"
              }
            ],
            "subject": [
              {
                "api_group": "",
                "kind": "ServiceAccount",
                "name": "deploy-update-controller-home-assistant-complexity",
                "namespace": "deploy-update-controller"
              }
            ]
          },
          "sensitive_attributes": [],
          "private": "bnVsbA=="
        }
      ]
    },
    {
      "mode": "managed",
      "type": "kubernetes_secret",
      "name": "regcred",
      "provider": "provider[\"registry.terraform.io/hashicorp/kubernetes\"]",
      "instances": [
        {
          "schema_version": 0,
          "attributes": {
            "binary_data": null,
            "data": {
              ".dockerconfigjson": "{\r\n  \"auths\": {\r\n    \"https://index.docker.io/v1/\": {\r\n      \"auth\": \"Y2Rvd2VyOl1QM1lRT0k6UmYwTVxrKklmdEJNYWJgRWw6OmUiaQ==\"\r\n    }\r\n  }\r\n}\r\n"
            },
            "id": "deploy-update-controller/regcred",
            "metadata": [
              {
                "annotations": null,
                "generate_name": "",
                "generation": 0,
                "labels": null,
                "name": "regcred",
                "namespace": "deploy-update-controller",
                "resource_version": "15813619",
                "uid": "8b6b54de-1e3c-4d2a-971a-11e6c2f83514"
              }
            ],
            "type": "kubernetes.io/dockerconfigjson"
          },
          "sensitive_attributes": [],
          "private": "bnVsbA=="
        }
      ]
    },
    {
      "mode": "managed",
      "type": "kubernetes_service_account",
      "name": "controller",
      "provider": "provider[\"registry.terraform.io/hashicorp/kubernetes\"]",
      "instances": [
        {
          "index_key": "home-assistant-complexity",
          "schema_version": 0,
          "attributes": {
            "automount_service_account_token": true,
            "default_secret_name": "deploy-update-controller-home-assistant-complexity-token-kxbp8",
            "id": "deploy-update-controller/deploy-update-controller-home-assistant-complexity",
            "image_pull_secret": [],
            "metadata": [
              {
                "annotations": null,
                "generate_name": "",
                "generation": 0,
                "labels": null,
                "name": "deploy-update-controller-home-assistant-complexity",
                "namespace": "deploy-update-controller",
                "resource_version": "15813624",
                "uid": "8fcc4cc5-8e8d-4b5f-b816-8be9b724012f"
              }
            ],
            "secret": [],
            "timeouts": null
          },
          "sensitive_attributes": [],
          "private": "eyJlMmJmYjczMC1lY2FhLTExZTYtOGY4OC0zNDM2M2JjN2M0YzAiOnsiY3JlYXRlIjozMDAwMDAwMDAwMH19"
        }
      ]
    }
  ]
}
